
Microsoft Visual Studio Solution File, Format Version 12.00
# Visual Studio 15
VisualStudioVersion = 15.0.28307.421
MinimumVisualStudioVersion = 10.0.40219.1
Project("{FAE04EC0-301F-11D3-BF4B-00C04F79EFBC}") = "Laboratorio12.Android", "Laboratorio12\Laboratorio12.Android\Laboratorio12.Android.csproj", "{AD4522A0-0AB3-4AF4-9FBF-E1001B353318}"
EndProject
Project("{FAE04EC0-301F-11D3-BF4B-00C04F79EFBC}") = "Laboratorio12.iOS", "Laboratorio12\Laboratorio12.iOS\Laboratorio12.iOS.csproj", "{29DB62E8-8D55-4BC0-BE04-FFBBB538A717}"
EndProject
Project("{FAE04EC0-301F-11D3-BF4B-00C04F79EFBC}") = "Laboratorio12", "Laboratorio12\Laboratorio12\Laboratorio12.csproj", "{B711F6E3-DF61-47EF-AB85-6B767B73E093}"
EndProject
Global
	GlobalSection(SolutionConfigurationPlatforms) = preSolution
		Ad-Hoc|Any CPU = Ad-Hoc|Any CPU
		Ad-Hoc|iPhone = Ad-Hoc|iPhone
		Ad-Hoc|iPhoneSimulator = Ad-Hoc|iPhoneSimulator
		AppStore|Any CPU = AppStore|Any CPU
		AppStore|iPhone = AppStore|iPhone
		AppStore|iPhoneSimulator = AppStore|iPhoneSimulator
		Debug|Any CPU = Debug|Any CPU
		Debug|iPhone = Debug|iPhone
		Debug|iPhoneSimulator = Debug|iPhoneSimulator
		Release|Any CPU = Release|Any CPU
		Release|iPhone = Release|iPhone
		Release|iPhoneSimulator = Release|iPhoneSimulator
	EndGlobalSection
	GlobalSection(ProjectConfigurationPlatforms) = postSolution
		{AD4522A0-0AB3-4AF4-9FBF-E1001B353318}.Ad-Hoc|Any CPU.ActiveCfg = Release|Any CPU
		{AD4522A0-0AB3-4AF4-9FBF-E1001B353318}.Ad-Hoc|Any CPU.Build.0 = Release|Any CPU
		{AD4522A0-0AB3-4AF4-9FBF-E1001B353318}.Ad-Hoc|Any CPU.Deploy.0 = Release|Any CPU
		{AD4522A0-0AB3-4AF4-9FBF-E1001B353318}.Ad-Hoc|iPhone.ActiveCfg = Release|Any CPU
		{AD4522A0-0AB3-4AF4-9FBF-E1001B353318}.Ad-Hoc|iPhone.Build.0 = Release|Any CPU
		{AD4522A0-0AB3-4AF4-9FBF-E1001B353318}.Ad-Hoc|iPhone.Deploy.0 = Release|Any CPU
		{AD4522A0-0AB3-4AF4-9FBF-E1001B353318}.Ad-Hoc|iPhoneSimulator.ActiveCfg = Release|Any CPU
		{AD4522A0-0AB3-4AF4-9FBF-E1001B353318}.Ad-Hoc|iPhoneSimulator.Build.0 = Release|Any CPU
		{AD4522A0-0AB3-4AF4-9FBF-E1001B353318}.Ad-Hoc|iPhoneSimulator.Deploy.0 = Release|Any CPU
		{AD4522A0-0AB3-4AF4-9FBF-E1001B353318}.AppStore|Any CPU.ActiveCfg = Release|Any CPU
		{AD4522A0-0AB3-4AF4-9FBF-E1001B353318}.AppStore|Any CPU.Build.0 = Release|Any CPU
		{AD4522A0-0AB3-4AF4-9FBF-E1001B353318}.AppStore|Any CPU.Deploy.0 = Release|Any CPU
		{AD4522A0-0AB3-4AF4-9FBF-E1001B353318}.AppStore|iPhone.ActiveCfg = Release|Any CPU
		{AD4522A0-0AB3-4AF4-9FBF-E1001B353318}.AppStore|iPhone.Build.0 = Release|Any CPU
		{AD4522A0-0AB3-4AF4-9FBF-E1001B353318}.AppStore|iPhone.Deploy.0 = Release|Any CPU
		{AD4522A0-0AB3-4AF4-9FBF-E1001B353318}.AppStore|iPhoneSimulator.ActiveCfg = Release|Any CPU
		{AD4522A0-0AB3-4AF4-9FBF-E1001B353318}.AppStore|iPhoneSimulator.Build.0 = Release|Any CPU
		{AD4522A0-0AB3-4AF4-9FBF-E1001B353318}.AppStore|iPhoneSimulator.Deploy.0 = Release|Any CPU
		{AD4522A0-0AB3-4AF4-9FBF-E1001B353318}.Debug|Any CPU.ActiveCfg = Debug|Any CPU
		{AD4522A0-0AB3-4AF4-9FBF-E1001B353318}.Debug|Any CPU.Build.0 = Debug|Any CPU
		{AD4522A0-0AB3-4AF4-9FBF-E1001B353318}.Debug|Any CPU.Deploy.0 = Debug|Any CPU
		{AD4522A0-0AB3-4AF4-9FBF-E1001B353318}.Debug|iPhone.ActiveCfg = Debug|Any CPU
		{AD4522A0-0AB3-4AF4-9FBF-E1001B353318}.Debug|iPhone.Build.0 = Debug|Any CPU
		{AD4522A0-0AB3-4AF4-9FBF-E1001B353318}.Debug|iPhone.Deploy.0 = Debug|Any CPU
		{AD4522A0-0AB3-4AF4-9FBF-E1001B353318}.Debug|iPhoneSimulator.ActiveCfg = Debug|Any CPU
		{AD4522A0-0AB3-4AF4-9FBF-E1001B353318}.Debug|iPhoneSimulator.Build.0 = Debug|Any CPU
		{AD4522A0-0AB3-4AF4-9FBF-E1001B353318}.Debug|iPhoneSimulator.Deploy.0 = Debug|Any CPU
		{AD4522A0-0AB3-4AF4-9FBF-E1001B353318}.Release|Any CPU.ActiveCfg = Release|Any CPU
		{AD4522A0-0AB3-4AF4-9FBF-E1001B353318}.Release|Any CPU.Build.0 = Release|Any CPU
		{AD4522A0-0AB3-4AF4-9FBF-E1001B353318}.Release|Any CPU.Deploy.0 = Release|Any CPU
		{AD4522A0-0AB3-4AF4-9FBF-E1001B353318}.Release|iPhone.ActiveCfg = Release|Any CPU
		{AD4522A0-0AB3-4AF4-9FBF-E1001B353318}.Release|iPhone.Build.0 = Release|Any CPU
		{AD4522A0-0AB3-4AF4-9FBF-E1001B353318}.Release|iPhone.Deploy.0 = Release|Any CPU
		{AD4522A0-0AB3-4AF4-9FBF-E1001B353318}.Release|iPhoneSimulator.ActiveCfg = Release|Any CPU
		{AD4522A0-0AB3-4AF4-9FBF-E1001B353318}.Release|iPhoneSimulator.Build.0 = Release|Any CPU
		{AD4522A0-0AB3-4AF4-9FBF-E1001B353318}.Release|iPhoneSimulator.Deploy.0 = Release|Any CPU
		{29DB62E8-8D55-4BC0-BE04-FFBBB538A717}.Ad-Hoc|Any CPU.ActiveCfg = Ad-Hoc|iPhone
		{29DB62E8-8D55-4BC0-BE04-FFBBB538A717}.Ad-Hoc|Any CPU.Build.0 = Ad-Hoc|iPhone
		{29DB62E8-8D55-4BC0-BE04-FFBBB538A717}.Ad-Hoc|Any CPU.Deploy.0 = Ad-Hoc|iPhone
		{29DB62E8-8D55-4BC0-BE04-FFBBB538A717}.Ad-Hoc|iPhone.ActiveCfg = Ad-Hoc|iPhone
		{29DB62E8-8D55-4BC0-BE04-FFBBB538A717}.Ad-Hoc|iPhone.Build.0 = Ad-Hoc|iPhone
		{29DB62E8-8D55-4BC0-BE04-FFBBB538A717}.Ad-Hoc|iPhone.Deploy.0 = Ad-Hoc|iPhone
		{29DB62E8-8D55-4BC0-BE04-FFBBB538A717}.Ad-Hoc|iPhoneSimulator.ActiveCfg = Ad-Hoc|iPhoneSimulator
		{29DB62E8-8D55-4BC0-BE04-FFBBB538A717}.Ad-Hoc|iPhoneSimulator.Build.0 = Ad-Hoc|iPhoneSimulator
		{29DB62E8-8D55-4BC0-BE04-FFBBB538A717}.Ad-Hoc|iPhoneSimulator.Deploy.0 = Ad-Hoc|iPhoneSimulator
		{29DB62E8-8D55-4BC0-BE04-FFBBB538A717}.AppStore|Any CPU.ActiveCfg = AppStore|iPhone
		{29DB62E8-8D55-4BC0-BE04-FFBBB538A717}.AppStore|Any CPU.Build.0 = AppStore|iPhone
		{29DB62E8-8D55-4BC0-BE04-FFBBB538A717}.AppStore|Any CPU.Deploy.0 = AppStore|iPhone
		{29DB62E8-8D55-4BC0-BE04-FFBBB538A717}.AppStore|iPhone.ActiveCfg = AppStore|iPhone
		{29DB62E8-8D55-4BC0-BE04-FFBBB538A717}.AppStore|iPhone.Build.0 = AppStore|iPhone
		{29DB62E8-8D55-4BC0-BE04-FFBBB538A717}.AppStore|iPhone.Deploy.0 = AppStore|iPhone
		{29DB62E8-8D55-4BC0-BE04-FFBBB538A717}.AppStore|iPhoneSimulator.ActiveCfg = AppStore|iPhoneSimulator
		{29DB62E8-8D55-4BC0-BE04-FFBBB538A717}.AppStore|iPhoneSimulator.Build.0 = AppStore|iPhoneSimulator
		{29DB62E8-8D55-4BC0-BE04-FFBBB538A717}.AppStore|iPhoneSimulator.Deploy.0 = AppStore|iPhoneSimulator
		{29DB62E8-8D55-4BC0-BE04-FFBBB538A717}.Debug|Any CPU.ActiveCfg = Debug|iPhoneSimulator
		{29DB62E8-8D55-4BC0-BE04-FFBBB538A717}.Debug|Any CPU.Build.0 = Debug|iPhoneSimulator
		{29DB62E8-8D55-4BC0-BE04-FFBBB538A717}.Debug|Any CPU.Deploy.0 = Debug|iPhoneSimulator
		{29DB62E8-8D55-4BC0-BE04-FFBBB538A717}.Debug|iPhone.ActiveCfg = Debug|iPhone
		{29DB62E8-8D55-4BC0-BE04-FFBBB538A717}.Debug|iPhone.Build.0 = Debug|iPhone
		{29DB62E8-8D55-4BC0-BE04-FFBBB538A717}.Debug|iPhone.Deploy.0 = Debug|iPhone
		{29DB62E8-8D55-4BC0-BE04-FFBBB538A717}.Debug|iPhoneSimulator.ActiveCfg = Debug|iPhoneSimulator
		{29DB62E8-8D55-4BC0-BE04-FFBBB538A717}.Debug|iPhoneSimulator.Build.0 = Debug|iPhoneSimulator
		{29DB62E8-8D55-4BC0-BE04-FFBBB538A717}.Debug|iPhoneSimulator.Deploy.0 = Debug|iPhoneSimulator
		{29DB62E8-8D55-4BC0-BE04-FFBBB538A717}.Release|Any CPU.ActiveCfg = Release|iPhone
		{29DB62E8-8D55-4BC0-BE04-FFBBB538A717}.Release|Any CPU.Build.0 = Release|iPhone
		{29DB62E8-8D55-4BC0-BE04-FFBBB538A717}.Release|Any CPU.Deploy.0 = Release|iPhone
		{29DB62E8-8D55-4BC0-BE04-FFBBB538A717}.Release|iPhone.ActiveCfg = Release|iPhone
		{29DB62E8-8D55-4BC0-BE04-FFBBB538A717}.Release|iPhone.Build.0 = Release|iPhone
		{29DB62E8-8D55-4BC0-BE04-FFBBB538A717}.Release|iPhone.Deploy.0 = Release|iPhone
		{29DB62E8-8D55-4BC0-BE04-FFBBB538A717}.Release|iPhoneSimulator.ActiveCfg = Release|iPhoneSimulator
		{29DB62E8-8D55-4BC0-BE04-FFBBB538A717}.Release|iPhoneSimulator.Build.0 = Release|iPhoneSimulator
		{29DB62E8-8D55-4BC0-BE04-FFBBB538A717}.Release|iPhoneSimulator.Deploy.0 = Release|iPhoneSimulator
		{B711F6E3-DF61-47EF-AB85-6B767B73E093}.Ad-Hoc|Any CPU.ActiveCfg = Debug|Any CPU
		{B711F6E3-DF61-47EF-AB85-6B767B73E093}.Ad-Hoc|Any CPU.Build.0 = Debug|Any CPU
		{B711F6E3-DF61-47EF-AB85-6B767B73E093}.Ad-Hoc|Any CPU.Deploy.0 = Debug|Any CPU
		{B711F6E3-DF61-47EF-AB85-6B767B73E093}.Ad-Hoc|iPhone.ActiveCfg = Debug|Any CPU
		{B711F6E3-DF61-47EF-AB85-6B767B73E093}.Ad-Hoc|iPhone.Build.0 = Debug|Any CPU
		{B711F6E3-DF61-47EF-AB85-6B767B73E093}.Ad-Hoc|iPhone.Deploy.0 = Debug|Any CPU
		{B711F6E3-DF61-47EF-AB85-6B767B73E093}.Ad-Hoc|iPhoneSimulator.ActiveCfg = Debug|Any CPU
		{B711F6E3-DF61-47EF-AB85-6B767B73E093}.Ad-Hoc|iPhoneSimulator.Build.0 = Debug|Any CPU
		{B711F6E3-DF61-47EF-AB85-6B767B73E093}.Ad-Hoc|iPhoneSimulator.Deploy.0 = Debug|Any CPU
		{B711F6E3-DF61-47EF-AB85-6B767B73E093}.AppStore|Any CPU.ActiveCfg = Debug|Any CPU
		{B711F6E3-DF61-47EF-AB85-6B767B73E093}.AppStore|Any CPU.Build.0 = Debug|Any CPU
		{B711F6E3-DF61-47EF-AB85-6B767B73E093}.AppStore|Any CPU.Deploy.0 = Debug|Any CPU
		{B711F6E3-DF61-47EF-AB85-6B767B73E093}.AppStore|iPhone.ActiveCfg = Debug|Any CPU
		{B711F6E3-DF61-47EF-AB85-6B767B73E093}.AppStore|iPhone.Build.0 = Debug|Any CPU
		{B711F6E3-DF61-47EF-AB85-6B767B73E093}.AppStore|iPhone.Deploy.0 = Debug|Any CPU
		{B711F6E3-DF61-47EF-AB85-6B767B73E093}.AppStore|iPhoneSimulator.ActiveCfg = Debug|Any CPU
		{B711F6E3-DF61-47EF-AB85-6B767B73E093}.AppStore|iPhoneSimulator.Build.0 = Debug|Any CPU
		{B711F6E3-DF61-47EF-AB85-6B767B73E093}.AppStore|iPhoneSimulator.Deploy.0 = Debug|Any CPU
		{B711F6E3-DF61-47EF-AB85-6B767B73E093}.Debug|Any CPU.ActiveCfg = Debug|Any CPU
		{B711F6E3-DF61-47EF-AB85-6B767B73E093}.Debug|Any CPU.Build.0 = Debug|Any CPU
		{B711F6E3-DF61-47EF-AB85-6B767B73E093}.Debug|Any CPU.Deploy.0 = Debug|Any CPU
		{B711F6E3-DF61-47EF-AB85-6B767B73E093}.Debug|iPhone.ActiveCfg = Debug|Any CPU
		{B711F6E3-DF61-47EF-AB85-6B767B73E093}.Debug|iPhone.Build.0 = Debug|Any CPU
		{B711F6E3-DF61-47EF-AB85-6B767B73E093}.Debug|iPhone.Deploy.0 = Debug|Any CPU
		{B711F6E3-DF61-47EF-AB85-6B767B73E093}.Debug|iPhoneSimulator.ActiveCfg = Debug|Any CPU
		{B711F6E3-DF61-47EF-AB85-6B767B73E093}.Debug|iPhoneSimulator.Build.0 = Debug|Any CPU
		{B711F6E3-DF61-47EF-AB85-6B767B73E093}.Debug|iPhoneSimulator.Deploy.0 = Debug|Any CPU
		{B711F6E3-DF61-47EF-AB85-6B767B73E093}.Release|Any CPU.ActiveCfg = Release|Any CPU
		{B711F6E3-DF61-47EF-AB85-6B767B73E093}.Release|Any CPU.Build.0 = Release|Any CPU
		{B711F6E3-DF61-47EF-AB85-6B767B73E093}.Release|Any CPU.Deploy.0 = Release|Any CPU
		{B711F6E3-DF61-47EF-AB85-6B767B73E093}.Release|iPhone.ActiveCfg = Release|Any CPU
		{B711F6E3-DF61-47EF-AB85-6B767B73E093}.Release|iPhone.Build.0 = Release|Any CPU
		{B711F6E3-DF61-47EF-AB85-6B767B73E093}.Release|iPhone.Deploy.0 = Release|Any CPU
		{B711F6E3-DF61-47EF-AB85-6B767B73E093}.Release|iPhoneSimulator.ActiveCfg = Release|Any CPU
		{B711F6E3-DF61-47EF-AB85-6B767B73E093}.Release|iPhoneSimulator.Build.0 = Release|Any CPU
		{B711F6E3-DF61-47EF-AB85-6B767B73E093}.Release|iPhoneSimulator.Deploy.0 = Release|Any CPU
	EndGlobalSection
	GlobalSection(SolutionProperties) = preSolution
		HideSolutionNode = FALSE
	EndGlobalSection
	GlobalSection(ExtensibilityGlobals) = postSolution
		SolutionGuid = {E97B2899-B82E-4B97-AD3B-E69353258E2C}
	EndGlobalSection
EndGlobal
